
Microsoft Visual Studio Solution File, Format Version 12.00
# Visual Studio 15
VisualStudioVersion = 15.0.27130.2003
MinimumVisualStudioVersion = 10.0.40219.1
Project("{9A19103F-16F7-4668-BE54-9A1E7A4F7556}") = "Research", "Research2.0\Research.csproj", "{04219FE2-58CD-46ED-9D00-40C0332342B4}"
EndProject
Project("{9A19103F-16F7-4668-BE54-9A1E7A4F7556}") = "ResearchAPI", "ResearchAPI2.0\ResearchAPI.csproj", "{28788EDF-2381-4E50-B075-485ABDF169A6}"
EndProject
Global
	GlobalSection(SolutionConfigurationPlatforms) = preSolution
		Debug|Any CPU = Debug|Any CPU
		Release|Any CPU = Release|Any CPU
	EndGlobalSection
	GlobalSection(ProjectConfigurationPlatforms) = postSolution
		{04219FE2-58CD-46ED-9D00-40C0332342B4}.Debug|Any CPU.ActiveCfg = Debug|Any CPU
		{04219FE2-58CD-46ED-9D00-40C0332342B4}.Debug|Any CPU.Build.0 = Debug|Any CPU
		{04219FE2-58CD-46ED-9D00-40C0332342B4}.Release|Any CPU.ActiveCfg = Release|Any CPU
		{04219FE2-58CD-46ED-9D00-40C0332342B4}.Release|Any CPU.Build.0 = Release|Any CPU
		{28788EDF-2381-4E50-B075-485ABDF169A6}.Debug|Any CPU.ActiveCfg = Debug|Any CPU
		{28788EDF-2381-4E50-B075-485ABDF169A6}.Debug|Any CPU.Build.0 = Debug|Any CPU
		{28788EDF-2381-4E50-B075-485ABDF169A6}.Release|Any CPU.ActiveCfg = Release|Any CPU
		{28788EDF-2381-4E50-B075-485ABDF169A6}.Release|Any CPU.Build.0 = Release|Any CPU
	EndGlobalSection
	GlobalSection(SolutionProperties) = preSolution
		HideSolutionNode = FALSE
	EndGlobalSection
	GlobalSection(ExtensibilityGlobals) = postSolution
		SolutionGuid = {70D282F6-97FF-4E35-B725-7DE8B9AB26E6}
	EndGlobalSection
EndGlobal
